
Microsoft Visual Studio Solution File, Format Version 12.00
# Visual Studio Version 17
VisualStudioVersion = 17.7.34221.43
MinimumVisualStudioVersion = 10.0.40219.1
Project("{9A19103F-16F7-4668-BE54-9A1E7A4F7556}") = "CLI", "CLI\CLI.csproj", "{AD20ED9D-1111-47DB-B41D-39C78095E65C}"
EndProject
Project("{2150E333-8FDC-42A3-9474-1A3956D46DE8}") = "Solution Items", "Solution Items", "{9BAC1804-EE7B-41D9-8E92-C8F4B76B0D54}"
	ProjectSection(SolutionItems) = preProject
		.editorconfig = .editorconfig
	EndProjectSection
EndProject
Global
	GlobalSection(SolutionConfigurationPlatforms) = preSolution
		Debug|Any CPU = Debug|Any CPU
		Release|Any CPU = Release|Any CPU
	EndGlobalSection
	GlobalSection(ProjectConfigurationPlatforms) = postSolution
		{AD20ED9D-1111-47DB-B41D-39C78095E65C}.Debug|Any CPU.ActiveCfg = Debug|Any CPU
		{AD20ED9D-1111-47DB-B41D-39C78095E65C}.Debug|Any CPU.Build.0 = Debug|Any CPU
		{AD20ED9D-1111-47DB-B41D-39C78095E65C}.Release|Any CPU.ActiveCfg = Release|Any CPU
		{AD20ED9D-1111-47DB-B41D-39C78095E65C}.Release|Any CPU.Build.0 = Release|Any CPU
	EndGlobalSection
	GlobalSection(SolutionProperties) = preSolution
		HideSolutionNode = FALSE
	EndGlobalSection
	GlobalSection(ExtensibilityGlobals) = postSolution
		SolutionGuid = {789AEB86-0AF1-41FB-9596-C2EE47C7155E}
	EndGlobalSection
EndGlobal
